
Microsoft Visual Studio Solution File, Format Version 12.00
# Visual Studio Version 17
VisualStudioVersion = 17.1.32228.430
MinimumVisualStudioVersion = 10.0.40219.1
Project("{FAE04EC0-301F-11D3-BF4B-00C04F79EFBC}") = "FirstRazorLibrary", "FirstRazorLibrary\FirstRazorLibrary.csproj", "{A69627E2-8053-490E-8415-1E2376206F78}"
EndProject
Project("{9A19103F-16F7-4668-BE54-9A1E7A4F7556}") = "MyBlazorServer", "MyBlazorServer\MyBlazorServer.csproj", "{3AA78B67-0B6C-4976-8598-C27BAF9963ED}"
EndProject
Global
	GlobalSection(SolutionConfigurationPlatforms) = preSolution
		Debug|Any CPU = Debug|Any CPU
		Release|Any CPU = Release|Any CPU
	EndGlobalSection
	GlobalSection(ProjectConfigurationPlatforms) = postSolution
		{A69627E2-8053-490E-8415-1E2376206F78}.Debug|Any CPU.ActiveCfg = Debug|Any CPU
		{A69627E2-8053-490E-8415-1E2376206F78}.Debug|Any CPU.Build.0 = Debug|Any CPU
		{A69627E2-8053-490E-8415-1E2376206F78}.Release|Any CPU.ActiveCfg = Release|Any CPU
		{A69627E2-8053-490E-8415-1E2376206F78}.Release|Any CPU.Build.0 = Release|Any CPU
		{3AA78B67-0B6C-4976-8598-C27BAF9963ED}.Debug|Any CPU.ActiveCfg = Debug|Any CPU
		{3AA78B67-0B6C-4976-8598-C27BAF9963ED}.Debug|Any CPU.Build.0 = Debug|Any CPU
		{3AA78B67-0B6C-4976-8598-C27BAF9963ED}.Release|Any CPU.ActiveCfg = Release|Any CPU
		{3AA78B67-0B6C-4976-8598-C27BAF9963ED}.Release|Any CPU.Build.0 = Release|Any CPU
	EndGlobalSection
	GlobalSection(SolutionProperties) = preSolution
		HideSolutionNode = FALSE
	EndGlobalSection
	GlobalSection(ExtensibilityGlobals) = postSolution
		SolutionGuid = {674E4599-25EE-42D6-ABF5-F45EA643B5E0}
	EndGlobalSection
EndGlobal
